{
  "name": "app-verde-real",
  "lockfileVersion": 3,
  "requires": true,
  "packages": {
    "": {
      "dependencies": {
        "verde-real-core": "github:verde-real/verde-real-core"
      }
    },
    "node_modules/verde-real-core": {
      "version": "0.1.0",
      "resolved": "git+ssh://git@github.com/verde-real/verde-real-core.git#207b346c3f8d9b690d4b97d3b048925079b8bbfe"
    }
  }
}
